
Microsoft Visual Studio Solution File, Format Version 12.00
# Visual Studio 15
Project("{FAE04EC0-301F-11D3-BF4B-00C04F79EFBC}") = "WorldWar.Plugins", "WorldWar.Plugins.csproj", "{1E7B04A6-AE79-BEBA-BE71-C6B0E06FF2C7}"
EndProject
Project("{FAE04EC0-301F-11D3-BF4B-00C04F79EFBC}") = "WorldWar", "WorldWar.csproj", "{4FD33118-1629-8E47-3883-BD157260B0DA}"
EndProject
Project("{FAE04EC0-301F-11D3-BF4B-00C04F79EFBC}") = "WorldWar.Editor", "WorldWar.Editor.csproj", "{86C88ADD-EC32-F821-8254-CF8B2F5EC081}"
EndProject
Global
	GlobalSection(SolutionConfigurationPlatforms) = preSolution
		Debug|Any CPU = Debug|Any CPU
		Release|Any CPU = Release|Any CPU
	EndGlobalSection
	GlobalSection(ProjectConfigurationPlatforms) = postSolution
		{1E7B04A6-AE79-BEBA-BE71-C6B0E06FF2C7}.Debug|Any CPU.ActiveCfg = Debug|Any CPU
		{1E7B04A6-AE79-BEBA-BE71-C6B0E06FF2C7}.Debug|Any CPU.Build.0 = Debug|Any CPU
		{1E7B04A6-AE79-BEBA-BE71-C6B0E06FF2C7}.Release|Any CPU.ActiveCfg = Release|Any CPU
		{1E7B04A6-AE79-BEBA-BE71-C6B0E06FF2C7}.Release|Any CPU.Build.0 = Release|Any CPU
		{4FD33118-1629-8E47-3883-BD157260B0DA}.Debug|Any CPU.ActiveCfg = Debug|Any CPU
		{4FD33118-1629-8E47-3883-BD157260B0DA}.Debug|Any CPU.Build.0 = Debug|Any CPU
		{4FD33118-1629-8E47-3883-BD157260B0DA}.Release|Any CPU.ActiveCfg = Release|Any CPU
		{4FD33118-1629-8E47-3883-BD157260B0DA}.Release|Any CPU.Build.0 = Release|Any CPU
		{86C88ADD-EC32-F821-8254-CF8B2F5EC081}.Debug|Any CPU.ActiveCfg = Debug|Any CPU
		{86C88ADD-EC32-F821-8254-CF8B2F5EC081}.Debug|Any CPU.Build.0 = Debug|Any CPU
		{86C88ADD-EC32-F821-8254-CF8B2F5EC081}.Release|Any CPU.ActiveCfg = Release|Any CPU
		{86C88ADD-EC32-F821-8254-CF8B2F5EC081}.Release|Any CPU.Build.0 = Release|Any CPU
	EndGlobalSection
	GlobalSection(SolutionProperties) = preSolution
		HideSolutionNode = FALSE
	EndGlobalSection
EndGlobal
